
Microsoft Visual Studio Solution File, Format Version 12.00
# Visual Studio 15
VisualStudioVersion = 15.0.27428.2043
MinimumVisualStudioVersion = 10.0.40219.1
Project("{FAE04EC0-301F-11D3-BF4B-00C04F79EFBC}") = "LabManagementIndividual", "LabManagementIndividual\LabManagementIndividual.csproj", "{EDD2BD58-B552-4D29-BE20-40A186E0BC2F}"
EndProject
Global
	GlobalSection(SolutionConfigurationPlatforms) = preSolution
		Debug|Any CPU = Debug|Any CPU
		Release|Any CPU = Release|Any CPU
	EndGlobalSection
	GlobalSection(ProjectConfigurationPlatforms) = postSolution
		{EDD2BD58-B552-4D29-BE20-40A186E0BC2F}.Debug|Any CPU.ActiveCfg = Debug|Any CPU
		{EDD2BD58-B552-4D29-BE20-40A186E0BC2F}.Debug|Any CPU.Build.0 = Debug|Any CPU
		{EDD2BD58-B552-4D29-BE20-40A186E0BC2F}.Release|Any CPU.ActiveCfg = Release|Any CPU
		{EDD2BD58-B552-4D29-BE20-40A186E0BC2F}.Release|Any CPU.Build.0 = Release|Any CPU
	EndGlobalSection
	GlobalSection(SolutionProperties) = preSolution
		HideSolutionNode = FALSE
	EndGlobalSection
	GlobalSection(ExtensibilityGlobals) = postSolution
		SolutionGuid = {3876ACC2-B0E2-4F7F-B782-E565C362412F}
	EndGlobalSection
EndGlobal
